
Microsoft Visual Studio Solution File, Format Version 12.00
# Visual Studio Version 17
VisualStudioVersion = 17.1.32228.430
MinimumVisualStudioVersion = 10.0.40219.1
Project("{9A19103F-16F7-4668-BE54-9A1E7A4F7556}") = "CommandService", "CommandService.csproj", "{D3E2B73A-2C72-4D68-928D-27905E278FD6}"
EndProject
Global
	GlobalSection(SolutionConfigurationPlatforms) = preSolution
		Debug|Any CPU = Debug|Any CPU
		Release|Any CPU = Release|Any CPU
	EndGlobalSection
	GlobalSection(ProjectConfigurationPlatforms) = postSolution
		{D3E2B73A-2C72-4D68-928D-27905E278FD6}.Debug|Any CPU.ActiveCfg = Debug|Any CPU
		{D3E2B73A-2C72-4D68-928D-27905E278FD6}.Debug|Any CPU.Build.0 = Debug|Any CPU
		{D3E2B73A-2C72-4D68-928D-27905E278FD6}.Release|Any CPU.ActiveCfg = Release|Any CPU
		{D3E2B73A-2C72-4D68-928D-27905E278FD6}.Release|Any CPU.Build.0 = Release|Any CPU
	EndGlobalSection
	GlobalSection(SolutionProperties) = preSolution
		HideSolutionNode = FALSE
	EndGlobalSection
	GlobalSection(ExtensibilityGlobals) = postSolution
		SolutionGuid = {F1075754-8428-4151-89CD-F148ABCD36D6}
	EndGlobalSection
EndGlobal
